
Microsoft Visual Studio Solution File, Format Version 12.00
Project("{FAE04EC0-301F-11D3-BF4B-00C04F79EFBC}") = "Matrix", "Matrix\Matrix.csproj", "{1B6F698E-9911-4CBD-BD76-5780BA615BF2}"
EndProject
Project("{FAE04EC0-301F-11D3-BF4B-00C04F79EFBC}") = "Precalc", "Precalc\Precalc.csproj", "{6E661B25-E6E2-4254-9249-9919D75A628A}"
EndProject
Project("{FAE04EC0-301F-11D3-BF4B-00C04F79EFBC}") = "PrecalcTest", "PrecalcTest\PrecalcTest.csproj", "{B40694C2-8B9A-4B47-B173-AE9A3813A161}"
EndProject
Project("{FAE04EC0-301F-11D3-BF4B-00C04F79EFBC}") = "Matrix.Tests", "Matrix.Tests\Matrix.Tests.csproj", "{C3C9F490-5640-44EF-ADE8-73EF90CBFA29}"
EndProject
Global
	GlobalSection(SolutionConfigurationPlatforms) = preSolution
		Debug|Any CPU = Debug|Any CPU
		Release|Any CPU = Release|Any CPU
	EndGlobalSection
	GlobalSection(ProjectConfigurationPlatforms) = postSolution
		{1B6F698E-9911-4CBD-BD76-5780BA615BF2}.Debug|Any CPU.ActiveCfg = Debug|Any CPU
		{1B6F698E-9911-4CBD-BD76-5780BA615BF2}.Debug|Any CPU.Build.0 = Debug|Any CPU
		{1B6F698E-9911-4CBD-BD76-5780BA615BF2}.Release|Any CPU.ActiveCfg = Release|Any CPU
		{1B6F698E-9911-4CBD-BD76-5780BA615BF2}.Release|Any CPU.Build.0 = Release|Any CPU
		{6E661B25-E6E2-4254-9249-9919D75A628A}.Debug|Any CPU.ActiveCfg = Debug|Any CPU
		{6E661B25-E6E2-4254-9249-9919D75A628A}.Debug|Any CPU.Build.0 = Debug|Any CPU
		{6E661B25-E6E2-4254-9249-9919D75A628A}.Release|Any CPU.ActiveCfg = Release|Any CPU
		{6E661B25-E6E2-4254-9249-9919D75A628A}.Release|Any CPU.Build.0 = Release|Any CPU
		{B40694C2-8B9A-4B47-B173-AE9A3813A161}.Debug|Any CPU.ActiveCfg = Debug|Any CPU
		{B40694C2-8B9A-4B47-B173-AE9A3813A161}.Debug|Any CPU.Build.0 = Debug|Any CPU
		{B40694C2-8B9A-4B47-B173-AE9A3813A161}.Release|Any CPU.ActiveCfg = Release|Any CPU
		{B40694C2-8B9A-4B47-B173-AE9A3813A161}.Release|Any CPU.Build.0 = Release|Any CPU
		{C3C9F490-5640-44EF-ADE8-73EF90CBFA29}.Debug|Any CPU.ActiveCfg = Debug|Any CPU
		{C3C9F490-5640-44EF-ADE8-73EF90CBFA29}.Debug|Any CPU.Build.0 = Debug|Any CPU
		{C3C9F490-5640-44EF-ADE8-73EF90CBFA29}.Release|Any CPU.ActiveCfg = Release|Any CPU
		{C3C9F490-5640-44EF-ADE8-73EF90CBFA29}.Release|Any CPU.Build.0 = Release|Any CPU
	EndGlobalSection
EndGlobal
